
Microsoft Visual Studio Solution File, Format Version 12.00
# Visual Studio Version 16
VisualStudioVersion = 16.0.29728.190
MinimumVisualStudioVersion = 10.0.40219.1
Project("{8BC9CEB8-8B4A-11D0-8D11-00A0C91BC942}") = "SeumasGordon_Lab4", "SeumasGordon_Lab4\SeumasGordon_Lab4.vcxproj", "{7700BC93-AA8E-465E-ABB9-0D8487B93978}"
EndProject
Global
	GlobalSection(SolutionConfigurationPlatforms) = preSolution
		Debug|x64 = Debug|x64
		Debug|x86 = Debug|x86
		Release|x64 = Release|x64
		Release|x86 = Release|x86
	EndGlobalSection
	GlobalSection(ProjectConfigurationPlatforms) = postSolution
		{7700BC93-AA8E-465E-ABB9-0D8487B93978}.Debug|x64.ActiveCfg = Debug|x64
		{7700BC93-AA8E-465E-ABB9-0D8487B93978}.Debug|x64.Build.0 = Debug|x64
		{7700BC93-AA8E-465E-ABB9-0D8487B93978}.Debug|x86.ActiveCfg = Debug|Win32
		{7700BC93-AA8E-465E-ABB9-0D8487B93978}.Debug|x86.Build.0 = Debug|Win32
		{7700BC93-AA8E-465E-ABB9-0D8487B93978}.Release|x64.ActiveCfg = Release|x64
		{7700BC93-AA8E-465E-ABB9-0D8487B93978}.Release|x64.Build.0 = Release|x64
		{7700BC93-AA8E-465E-ABB9-0D8487B93978}.Release|x86.ActiveCfg = Release|Win32
		{7700BC93-AA8E-465E-ABB9-0D8487B93978}.Release|x86.Build.0 = Release|Win32
	EndGlobalSection
	GlobalSection(SolutionProperties) = preSolution
		HideSolutionNode = FALSE
	EndGlobalSection
	GlobalSection(ExtensibilityGlobals) = postSolution
		SolutionGuid = {3D0C794C-6F77-4103-9258-859E204C74CA}
	EndGlobalSection
EndGlobal
